# nanvix.lock - auto-generated by nanvix_zutil. DO NOT EDIT.

[metadata]
manifest-hash = "sha256:a6e9f7dc08ebe8acefd8c8654e6599d00e5f158e09b3e866e57ae50c806627e1"
nanvix-zutil-version = "0.16.3"

[metadata.sdk]
schema-version = 1
sdk-version = "v0.21.48-sdk.1"
provider-id = "c-clang"
provider = "clang"
role = "c"
image-name = "ghcr.io/nanvix/nanvix-sdk-c-clang"
image-digest = "sha256:a17f75cb21e6b97e5a9d8ac72e695053024cfebb87a4c43460a3c1ed865a9cac"
image-ref = "ghcr.io/nanvix/nanvix-sdk-c-clang@sha256:a17f75cb21e6b97e5a9d8ac72e695053024cfebb87a4c43460a3c1ed865a9cac"
nanvix-tag = "v0.21.48"
nanvix-version = "0.21.48"
nanvix-commit = "b3b63cb03457b435b6001df7838f5e8f6d232989"
sysroot-sha256 = "36eb92eb8c7e6e1d992714991132e7bb66a56db261e8861f6936e923e567bf13"

[metadata.sdk.target]
alias = "i686-nanvix"
triple = "i686-unknown-nanvix"

[metadata.sdk.toolchain]
llvm_commit = "bd661c13a73b37808ea30d4829d47c8071e274e7"
llvm_version = "22.1.8"
port_branch = "nanvix/v22.1.8"

[metadata.sdk.compat]
abi = "static-elf"
c_abi = "i686-nanvix-sysv-1"
cxx_abi = "libc++"
min_nanvix_os = "0.19.9"

[metadata.sdk.features]
compiler_rt = "builtins-only"
dynamic_loader = false
filesystem = true
localization = true
wide_chars = true


[[package]]
name = "nanvix"
repo = "nanvix/nanvix"
kind = "sysroot"
ref-kind = "tag"
ref-value = "0.21.48"
resolved-tag = "v0.21.48"
resolved-commitish = "b3b63cb03457b435b6001df7838f5e8f6d232989"
release-id = 359656509
dependencies = []

[[package.assets]]
name = "nanvix-windows-x86-microvm-standalone-release-256mb-b3b63cb03457b435b6001df7838f5e8f6d232989.zip"
url = "https://github.com/nanvix/nanvix/releases/download/v0.21.48/nanvix-windows-x86-microvm-standalone-release-256mb-b3b63cb03457b435b6001df7838f5e8f6d232989.zip"
id = 489104930

[[package.assets]]
name = "nanvix-x86-microvm-standalone-release-256mb-b3b63cb03457b435b6001df7838f5e8f6d232989.tar.bz2"
url = "https://github.com/nanvix/nanvix/releases/download/v0.21.48/nanvix-x86-microvm-standalone-release-256mb-b3b63cb03457b435b6001df7838f5e8f6d232989.tar.bz2"
id = 489104989
