# nanvix.lock - auto-generated by nanvix_zutil. DO NOT EDIT.

[metadata]
manifest-hash = "sha256:b682d0c9e0687db6ca198415f2844cabcd0edbf1c20d9c3533fdaab548f5070f"
nanvix-zutil-version = "0.16.3"

[metadata.sdk]
schema-version = 1
sdk-version = "v0.21.22-sdk.2"
provider-id = "c-clang"
provider = "clang"
role = "c"
image-name = "ghcr.io/nanvix/nanvix-sdk-c-clang"
image-digest = "sha256:390b64d51468db8125d89d560c7ed58fc535fd9f34ce270c00f902f64385ceab"
image-ref = "ghcr.io/nanvix/nanvix-sdk-c-clang@sha256:390b64d51468db8125d89d560c7ed58fc535fd9f34ce270c00f902f64385ceab"
nanvix-tag = "v0.21.22"
nanvix-version = "0.21.22"
nanvix-commit = "c0d53673608aa40435a7966fb4d13941fc0f807e"
sysroot-sha256 = "315e4ab5b29b1ce3675c9f8023b06cfc9a5a2fb6e90035541387905e7cbc2776"

[metadata.sdk.target]
alias = "i686-nanvix"
triple = "i686-unknown-nanvix"

[metadata.sdk.toolchain]
llvm_commit = "f5931969e98c736d82bead25e54f4d2d60da374b"
llvm_version = "22.1.8"
port_branch = "nanvix/v22.1.8"

[metadata.sdk.compat]
abi = "static-elf"
c_abi = "i686-nanvix-sysv-1"
cxx_abi = "libc++"
min_nanvix_os = "0.19.9"

[metadata.sdk.features]
compiler_rt = "builtins-only"
dynamic_loader = false
filesystem = true
localization = true
wide_chars = true


[[package]]
name = "nanvix"
repo = "nanvix/nanvix"
kind = "sysroot"
ref-kind = "tag"
ref-value = "0.21.22"
resolved-tag = "v0.21.22"
resolved-commitish = "c0d53673608aa40435a7966fb4d13941fc0f807e"
release-id = 357107749
dependencies = []

[[package.assets]]
name = "nanvix-windows-x86-microvm-standalone-release-256mb-c0d53673608aa40435a7966fb4d13941fc0f807e.zip"
url = "https://github.com/nanvix/nanvix/releases/download/v0.21.22/nanvix-windows-x86-microvm-standalone-release-256mb-c0d53673608aa40435a7966fb4d13941fc0f807e.zip"
id = 484227550

[[package.assets]]
name = "nanvix-x86-microvm-standalone-release-256mb-c0d53673608aa40435a7966fb4d13941fc0f807e.tar.bz2"
url = "https://github.com/nanvix/nanvix/releases/download/v0.21.22/nanvix-x86-microvm-standalone-release-256mb-c0d53673608aa40435a7966fb4d13941fc0f807e.tar.bz2"
id = 484227604
