# nanvix.lock - auto-generated by nanvix_zutil. DO NOT EDIT.

[metadata]
manifest-hash = "sha256:fe79e51327bc66a64712bbe561fc77fc32d352836a24e8486d2aa27e0223c993"
nanvix-zutil-version = "0.16.3"

[metadata.sdk]
schema-version = 1
sdk-version = "v0.24.19-sdk.1"
provider-id = "c-clang"
provider = "clang"
role = "c"
image-name = "ghcr.io/nanvix/nanvix-sdk-c-clang"
image-digest = "sha256:87a8debd9970779b39a92f20b487098240a97fe3b378e6bcde32e7df9702ab34"
image-ref = "ghcr.io/nanvix/nanvix-sdk-c-clang@sha256:87a8debd9970779b39a92f20b487098240a97fe3b378e6bcde32e7df9702ab34"
nanvix-tag = "v0.24.19"
nanvix-version = "0.24.19"
nanvix-commit = "2a92d9e8b7798a925160c454e7dce284e464265e"
sysroot-sha256 = "6ab05cf495fb3a1dfeb05260aaadd9e7466a1891fc938ab10dc48715efe48191"

[metadata.sdk.target]
alias = "i686-nanvix"
triple = "i686-unknown-nanvix"

[metadata.sdk.toolchain]
llvm_commit = "1a3eb2cfb6a8e4989ae68a4a8a942f1289cb0ee4"
llvm_version = "22.1.8"
port_branch = "nanvix/v22.1.8"

[metadata.sdk.compat]
abi = "static-elf"
c_abi = "i686-nanvix-sysv-1"
cxx_abi = "libc++"
min_nanvix_os = "0.19.9"

[metadata.sdk.features]
compiler_rt = "builtins-only"
dynamic_loader = false
filesystem = true
localization = true
wide_chars = true


[[package]]
name = "nanvix"
repo = "nanvix/nanvix"
kind = "sysroot"
ref-kind = "tag"
ref-value = "0.24.19"
resolved-tag = "v0.24.19"
resolved-commitish = "2a92d9e8b7798a925160c454e7dce284e464265e"
release-id = 384445236
dependencies = []

[[package.assets]]
name = "nanvix-windows-x86-microvm-standalone-release-256mb-2a92d9e8b7798a925160c454e7dce284e464265e.zip"
url = "https://github.com/nanvix/nanvix/releases/download/v0.24.19/nanvix-windows-x86-microvm-standalone-release-256mb-2a92d9e8b7798a925160c454e7dce284e464265e.zip"
id = 549852279

[[package.assets]]
name = "nanvix-windows-x86_64-microvm-standalone-release-256mb-2a92d9e8b7798a925160c454e7dce284e464265e.zip"
url = "https://github.com/nanvix/nanvix/releases/download/v0.24.19/nanvix-windows-x86_64-microvm-standalone-release-256mb-2a92d9e8b7798a925160c454e7dce284e464265e.zip"
id = 549852364

[[package.assets]]
name = "nanvix-x86-microvm-standalone-release-256mb-2a92d9e8b7798a925160c454e7dce284e464265e.tar.bz2"
url = "https://github.com/nanvix/nanvix/releases/download/v0.24.19/nanvix-x86-microvm-standalone-release-256mb-2a92d9e8b7798a925160c454e7dce284e464265e.tar.bz2"
id = 549852440

[[package.assets]]
name = "nanvix-x86_64-microvm-standalone-release-256mb-2a92d9e8b7798a925160c454e7dce284e464265e.tar.bz2"
url = "https://github.com/nanvix/nanvix/releases/download/v0.24.19/nanvix-x86_64-microvm-standalone-release-256mb-2a92d9e8b7798a925160c454e7dce284e464265e.tar.bz2"
id = 549852453
